
Microsoft Visual Studio Solution File, Format Version 12.00
# Visual Studio Version 17
VisualStudioVersion = 17.9.34902.65
MinimumVisualStudioVersion = 10.0.40219.1
Project("{FAE04EC0-301F-11D3-BF4B-00C04F79EFBC}") = "FinalAppG", "FinalAppG.csproj", "{524A0464-FE71-4A24-99C3-2F0E1B3BBD57}"
EndProject
Global
	GlobalSection(SolutionConfigurationPlatforms) = preSolution
		Debug|Any CPU = Debug|Any CPU
		Release|Any CPU = Release|Any CPU
	EndGlobalSection
	GlobalSection(ProjectConfigurationPlatforms) = postSolution
		{524A0464-FE71-4A24-99C3-2F0E1B3BBD57}.Debug|Any CPU.ActiveCfg = Debug|Any CPU
		{524A0464-FE71-4A24-99C3-2F0E1B3BBD57}.Debug|Any CPU.Build.0 = Debug|Any CPU
		{524A0464-FE71-4A24-99C3-2F0E1B3BBD57}.Release|Any CPU.ActiveCfg = Release|Any CPU
		{524A0464-FE71-4A24-99C3-2F0E1B3BBD57}.Release|Any CPU.Build.0 = Release|Any CPU
	EndGlobalSection
	GlobalSection(SolutionProperties) = preSolution
		HideSolutionNode = FALSE
	EndGlobalSection
	GlobalSection(ExtensibilityGlobals) = postSolution
		SolutionGuid = {179626AF-8E29-4703-9919-E82E61CE7690}
	EndGlobalSection
EndGlobal
